
Microsoft Visual Studio Solution File, Format Version 12.00
# Visual Studio 15
Project("{FAE04EC0-301F-11D3-BF4B-00C04F79EFBC}") = "Parallel", "Parallel.csproj", "{352D2DD6-1B89-4BEA-B804-82C1E9FA6812}"
EndProject
Global
	GlobalSection(SolutionConfigurationPlatforms) = preSolution
		Debug|anycpu = Debug|anycpu
		Release|anycpu = Release|anycpu
	EndGlobalSection
	GlobalSection(ProjectConfigurationPlatforms) = postSolution
		{352D2DD6-1B89-4BEA-B804-82C1E9FA6812}.Debug|anycpu.ActiveCfg = Debug|anycpu
		{352D2DD6-1B89-4BEA-B804-82C1E9FA6812}.Debug|anycpu.Build.0 = Debug|anycpu
		{352D2DD6-1B89-4BEA-B804-82C1E9FA6812}.Release|anycpu.ActiveCfg = Release|anycpu
		{352D2DD6-1B89-4BEA-B804-82C1E9FA6812}.Release|anycpu.Build.0 = Release|anycpu
	EndGlobalSection
EndGlobal
